
Microsoft Visual Studio Solution File, Format Version 12.00
# Visual Studio Version 16
VisualStudioVersion = 16.0.31019.35
MinimumVisualStudioVersion = 10.0.40219.1
Project("{FAE04EC0-301F-11D3-BF4B-00C04F79EFBC}") = "BikesRentalServer.Tests", "BikesRentalServer.Tests\BikesRentalServer.Tests.csproj", "{9C294F3A-21CE-4C79-B428-B2B9B7930969}"
EndProject
Project("{FAE04EC0-301F-11D3-BF4B-00C04F79EFBC}") = "BikesRentalServer.WebApi", "BikesRentalServer.WebApi\BikesRentalServer.WebApi.csproj", "{C23001DB-17B0-4A97-803D-7F8C3BD32F1D}"
EndProject
Project("{FAE04EC0-301F-11D3-BF4B-00C04F79EFBC}") = "BikesRentalServer", "BikesRentalServer\BikesRentalServer.csproj", "{BE8697EF-A409-47CB-8B48-18D94872A45D}"
EndProject
Project("{FAE04EC0-301F-11D3-BF4B-00C04F79EFBC}") = "BikesRentalServer.DataAccess", "BikesRentalServer.DataAccess\BikesRentalServer.DataAccess.csproj", "{75843207-C640-43F5-89F9-6E2EE3E10B4B}"
EndProject
Project("{FAE04EC0-301F-11D3-BF4B-00C04F79EFBC}") = "BikesRentalServer.Services", "BikesRentalServer.Services\BikesRentalServer.Services.csproj", "{C06E5ABE-5F69-4FC7-8690-DB28DA8F8655}"
EndProject
Project("{FAE04EC0-301F-11D3-BF4B-00C04F79EFBC}") = "SeleniumTests2", "SeleniumTests2\SeleniumTests2.csproj", "{CAA90B33-0ECB-4635-B179-97CC4131B1D5}"
EndProject
Global
	GlobalSection(SolutionConfigurationPlatforms) = preSolution
		Debug|Any CPU = Debug|Any CPU
		Release|Any CPU = Release|Any CPU
	EndGlobalSection
	GlobalSection(ProjectConfigurationPlatforms) = postSolution
		{9C294F3A-21CE-4C79-B428-B2B9B7930969}.Debug|Any CPU.ActiveCfg = Debug|Any CPU
		{9C294F3A-21CE-4C79-B428-B2B9B7930969}.Debug|Any CPU.Build.0 = Debug|Any CPU
		{9C294F3A-21CE-4C79-B428-B2B9B7930969}.Release|Any CPU.ActiveCfg = Release|Any CPU
		{9C294F3A-21CE-4C79-B428-B2B9B7930969}.Release|Any CPU.Build.0 = Release|Any CPU
		{C23001DB-17B0-4A97-803D-7F8C3BD32F1D}.Debug|Any CPU.ActiveCfg = Debug|Any CPU
		{C23001DB-17B0-4A97-803D-7F8C3BD32F1D}.Debug|Any CPU.Build.0 = Debug|Any CPU
		{C23001DB-17B0-4A97-803D-7F8C3BD32F1D}.Release|Any CPU.ActiveCfg = Release|Any CPU
		{C23001DB-17B0-4A97-803D-7F8C3BD32F1D}.Release|Any CPU.Build.0 = Release|Any CPU
		{BE8697EF-A409-47CB-8B48-18D94872A45D}.Debug|Any CPU.ActiveCfg = Debug|Any CPU
		{BE8697EF-A409-47CB-8B48-18D94872A45D}.Debug|Any CPU.Build.0 = Debug|Any CPU
		{BE8697EF-A409-47CB-8B48-18D94872A45D}.Release|Any CPU.ActiveCfg = Release|Any CPU
		{BE8697EF-A409-47CB-8B48-18D94872A45D}.Release|Any CPU.Build.0 = Release|Any CPU
		{75843207-C640-43F5-89F9-6E2EE3E10B4B}.Debug|Any CPU.ActiveCfg = Debug|Any CPU
		{75843207-C640-43F5-89F9-6E2EE3E10B4B}.Debug|Any CPU.Build.0 = Debug|Any CPU
		{75843207-C640-43F5-89F9-6E2EE3E10B4B}.Release|Any CPU.ActiveCfg = Release|Any CPU
		{75843207-C640-43F5-89F9-6E2EE3E10B4B}.Release|Any CPU.Build.0 = Release|Any CPU
		{C06E5ABE-5F69-4FC7-8690-DB28DA8F8655}.Debug|Any CPU.ActiveCfg = Debug|Any CPU
		{C06E5ABE-5F69-4FC7-8690-DB28DA8F8655}.Debug|Any CPU.Build.0 = Debug|Any CPU
		{C06E5ABE-5F69-4FC7-8690-DB28DA8F8655}.Release|Any CPU.ActiveCfg = Release|Any CPU
		{C06E5ABE-5F69-4FC7-8690-DB28DA8F8655}.Release|Any CPU.Build.0 = Release|Any CPU
		{CAA90B33-0ECB-4635-B179-97CC4131B1D5}.Debug|Any CPU.ActiveCfg = Debug|Any CPU
		{CAA90B33-0ECB-4635-B179-97CC4131B1D5}.Debug|Any CPU.Build.0 = Debug|Any CPU
		{CAA90B33-0ECB-4635-B179-97CC4131B1D5}.Release|Any CPU.ActiveCfg = Release|Any CPU
		{CAA90B33-0ECB-4635-B179-97CC4131B1D5}.Release|Any CPU.Build.0 = Release|Any CPU
	EndGlobalSection
	GlobalSection(SolutionProperties) = preSolution
		HideSolutionNode = FALSE
	EndGlobalSection
	GlobalSection(ExtensibilityGlobals) = postSolution
		SolutionGuid = {53978632-222D-468E-8153-0A3D3AEA23F8}
	EndGlobalSection
EndGlobal
